
Microsoft Visual Studio Solution File, Format Version 12.00
# Visual Studio 15
Project("{FAE04EC0-301F-11D3-BF4B-00C04F79EFBC}") = "2015_01", "2015\2015_01\2015_01.csproj", "{B7065B9A-2009-4B1C-B3D2-862EB3574B90}"
EndProject
Project("{FAE04EC0-301F-11D3-BF4B-00C04F79EFBC}") = "2015_02", "2015\2015_02\2015_02.csproj", "{B0F0B543-14EB-4B9E-A119-2F8A8BDB6560}"
EndProject
Project("{FAE04EC0-301F-11D3-BF4B-00C04F79EFBC}") = "2015_03", "2015\2015_03\2015_03.csproj", "{B912BB9C-E447-4B3E-9B76-9ABA14470F3C}"
EndProject
Project("{FAE04EC0-301F-11D3-BF4B-00C04F79EFBC}") = "2015_04", "2015\2015_04\2015_04.csproj", "{66F9240F-3C13-4DA5-91ED-423197498264}"
EndProject
Project("{FAE04EC0-301F-11D3-BF4B-00C04F79EFBC}") = "2015_05", "2015\2015_05\2015_05.csproj", "{48F29AAE-363A-4570-8852-7D0498972D15}"
EndProject
Global
	GlobalSection(SolutionConfigurationPlatforms) = preSolution
		Debug|Any CPU = Debug|Any CPU
		Release|Any CPU = Release|Any CPU
	EndGlobalSection
	GlobalSection(ProjectConfigurationPlatforms) = postSolution
		{B7065B9A-2009-4B1C-B3D2-862EB3574B90}.Debug|Any CPU.ActiveCfg = Debug|Any CPU
		{B7065B9A-2009-4B1C-B3D2-862EB3574B90}.Debug|Any CPU.Build.0 = Debug|Any CPU
		{B7065B9A-2009-4B1C-B3D2-862EB3574B90}.Release|Any CPU.ActiveCfg = Release|Any CPU
		{B7065B9A-2009-4B1C-B3D2-862EB3574B90}.Release|Any CPU.Build.0 = Release|Any CPU
		{B0F0B543-14EB-4B9E-A119-2F8A8BDB6560}.Debug|Any CPU.ActiveCfg = Debug|Any CPU
		{B0F0B543-14EB-4B9E-A119-2F8A8BDB6560}.Debug|Any CPU.Build.0 = Debug|Any CPU
		{B0F0B543-14EB-4B9E-A119-2F8A8BDB6560}.Release|Any CPU.ActiveCfg = Release|Any CPU
		{B0F0B543-14EB-4B9E-A119-2F8A8BDB6560}.Release|Any CPU.Build.0 = Release|Any CPU
		{B912BB9C-E447-4B3E-9B76-9ABA14470F3C}.Debug|Any CPU.ActiveCfg = Debug|Any CPU
		{B912BB9C-E447-4B3E-9B76-9ABA14470F3C}.Debug|Any CPU.Build.0 = Debug|Any CPU
		{B912BB9C-E447-4B3E-9B76-9ABA14470F3C}.Release|Any CPU.ActiveCfg = Release|Any CPU
		{B912BB9C-E447-4B3E-9B76-9ABA14470F3C}.Release|Any CPU.Build.0 = Release|Any CPU
		{66F9240F-3C13-4DA5-91ED-423197498264}.Debug|Any CPU.ActiveCfg = Debug|Any CPU
		{66F9240F-3C13-4DA5-91ED-423197498264}.Debug|Any CPU.Build.0 = Debug|Any CPU
		{66F9240F-3C13-4DA5-91ED-423197498264}.Release|Any CPU.ActiveCfg = Release|Any CPU
		{66F9240F-3C13-4DA5-91ED-423197498264}.Release|Any CPU.Build.0 = Release|Any CPU
		{48F29AAE-363A-4570-8852-7D0498972D15}.Debug|Any CPU.ActiveCfg = Debug|Any CPU
		{48F29AAE-363A-4570-8852-7D0498972D15}.Debug|Any CPU.Build.0 = Debug|Any CPU
		{48F29AAE-363A-4570-8852-7D0498972D15}.Release|Any CPU.ActiveCfg = Release|Any CPU
		{48F29AAE-363A-4570-8852-7D0498972D15}.Release|Any CPU.Build.0 = Release|Any CPU
	EndGlobalSection
EndGlobal
